// !$*UTF8*$!
{
	archiveVersion = 1;
	classes = {
	};
	objectVersion = 46;
	objects = {

/* Begin PBXBuildFile section */
		A11A47C71CAFD57F00FCE961 /* MusicVideoDetailVC.swift in Sources */ = {isa = PBXBuildFile; fileRef = A11A47C61CAFD57F00FCE961 /* MusicVideoDetailVC.swift */; };
		A1246ED31C95F8A0005811B6 /* Reachability.m in Sources */ = {isa = PBXBuildFile; fileRef = A1246ED21C95F8A0005811B6 /* Reachability.m */; };
		A16FF5891C91C67900F8A5A7 /* AppDelegate.swift in Sources */ = {isa = PBXBuildFile; fileRef = A16FF5881C91C67900F8A5A7 /* AppDelegate.swift */; };
		A16FF58B1C91C67900F8A5A7 /* ViewController.swift in Sources */ = {isa = PBXBuildFile; fileRef = A16FF58A1C91C67900F8A5A7 /* ViewController.swift */; };
		A16FF58E1C91C67900F8A5A7 /* Main.storyboard in Resources */ = {isa = PBXBuildFile; fileRef = A16FF58C1C91C67900F8A5A7 /* Main.storyboard */; };
		A16FF5901C91C67900F8A5A7 /* Assets.xcassets in Resources */ = {isa = PBXBuildFile; fileRef = A16FF58F1C91C67900F8A5A7 /* Assets.xcassets */; };
		A16FF5931C91C67900F8A5A7 /* LaunchScreen.storyboard in Resources */ = {isa = PBXBuildFile; fileRef = A16FF5911C91C67900F8A5A7 /* LaunchScreen.storyboard */; };
		A16FF59E1C91C67900F8A5A7 /* MusicVideoTests.swift in Sources */ = {isa = PBXBuildFile; fileRef = A16FF59D1C91C67900F8A5A7 /* MusicVideoTests.swift */; };
		A16FF5A91C91C67900F8A5A7 /* MusicVideoUITests.swift in Sources */ = {isa = PBXBuildFile; fileRef = A16FF5A81C91C67900F8A5A7 /* MusicVideoUITests.swift */; };
		A16FF5BB1C91CE5500F8A5A7 /* APIManager.swift in Sources */ = {isa = PBXBuildFile; fileRef = A16FF5BA1C91CE5500F8A5A7 /* APIManager.swift */; };
		A18A8B7B1C93338E00FEBBDF /* Constants.swift in Sources */ = {isa = PBXBuildFile; fileRef = A18A8B7A1C93338E00FEBBDF /* Constants.swift */; };
		A18A8B7D1C9334CF00FEBBDF /* MusicVideo.swift in Sources */ = {isa = PBXBuildFile; fileRef = A18A8B7C1C9334CF00FEBBDF /* MusicVideo.swift */; };
		A18C0AE91CAC18BD00799AB4 /* MusicVideoTableViewCell.swift in Sources */ = {isa = PBXBuildFile; fileRef = A18C0AE81CAC18BD00799AB4 /* MusicVideoTableViewCell.swift */; };
		A198C11B1CB18C8500F45803 /* SettingsTVC.swift in Sources */ = {isa = PBXBuildFile; fileRef = A198C11A1CB18C8500F45803 /* SettingsTVC.swift */; };
		A1DD9CA11CCAC62A0041EB97 /* LocalAuthentication.framework in Frameworks */ = {isa = PBXBuildFile; fileRef = A1DD9CA01CCAC62A0041EB97 /* LocalAuthentication.framework */; };
		A1E496841CC40F9000C85C9B /* MusicVideoDefaults.swift in Sources */ = {isa = PBXBuildFile; fileRef = A1E496831CC40F9000C85C9B /* MusicVideoDefaults.swift */; };
/* End PBXBuildFile section */

/* Begin PBXContainerItemProxy section */
		A16FF59A1C91C67900F8A5A7 /* PBXContainerItemProxy */ = {
			isa = PBXContainerItemProxy;
			containerPortal = A16FF57D1C91C67800F8A5A7 /* Project object */;
			proxyType = 1;
			remoteGlobalIDString = A16FF5841C91C67800F8A5A7;
			remoteInfo = MusicVideo;
		};
		A16FF5A51C91C67900F8A5A7 /* PBXContainerItemProxy */ = {
			isa = PBXContainerItemProxy;
			containerPortal = A16FF57D1C91C67800F8A5A7 /* Project object */;
			proxyType = 1;
			remoteGlobalIDString = A16FF5841C91C67800F8A5A7;
			remoteInfo = MusicVideo;
		};
/* End PBXContainerItemProxy section */

/* Begin PBXFileReference section */
		A11A47C61CAFD57F00FCE961 /* MusicVideoDetailVC.swift */ = {isa = PBXFileReference; fileEncoding = 4; lastKnownFileType = sourcecode.swift; path = MusicVideoDetailVC.swift; sourceTree = "<group>"; };
		A1246ED01C95F89F005811B6 /* MusicVideo-Bridging-Header.h */ = {isa = PBXFileReference; lastKnownFileType = sourcecode.c.h; path = "MusicVideo-Bridging-Header.h"; sourceTree = "<group>"; };
		A1246ED11C95F8A0005811B6 /* Reachability.h */ = {isa = PBXFileReference; fileEncoding = 4; lastKnownFileType = sourcecode.c.h; path = Reachability.h; sourceTree = "<group>"; };
		A1246ED21C95F8A0005811B6 /* Reachability.m */ = {isa = PBXFileReference; fileEncoding = 4; lastKnownFileType = sourcecode.c.objc; path = Reachability.m; sourceTree = "<group>"; };
		A16FF5851C91C67800F8A5A7 /* MusicVideo.app */ = {isa = PBXFileReference; explicitFileType = wrapper.application; includeInIndex = 0; path = MusicVideo.app; sourceTree = BUILT_PRODUCTS_DIR; };
		A16FF5881C91C67900F8A5A7 /* AppDelegate.swift */ = {isa = PBXFileReference; lastKnownFileType = sourcecode.swift; path = AppDelegate.swift; sourceTree = "<group>"; };
		A16FF58A1C91C67900F8A5A7 /* ViewController.swift */ = {isa = PBXFileReference; lastKnownFileType = sourcecode.swift; path = ViewController.swift; sourceTree = "<group>"; };
		A16FF58D1C91C67900F8A5A7 /* Base */ = {isa = PBXFileReference; lastKnownFileType = file.storyboard; name = Base; path = Base.lproj/Main.storyboard; sourceTree = "<group>"; };
		A16FF58F1C91C67900F8A5A7 /* Assets.xcassets */ = {isa = PBXFileReference; lastKnownFileType = folder.assetcatalog; path = Assets.xcassets; sourceTree = "<group>"; };
		A16FF5921C91C67900F8A5A7 /* Base */ = {isa = PBXFileReference; lastKnownFileType = file.storyboard; name = Base; path = Base.lproj/LaunchScreen.storyboard; sourceTree = "<group>"; };
		A16FF5941C91C67900F8A5A7 /* Info.plist */ = {isa = PBXFileReference; lastKnownFileType = text.plist.xml; path = Info.plist; sourceTree = "<group>"; };
		A16FF5991C91C67900F8A5A7 /* MusicVideoTests.xctest */ = {isa = PBXFileReference; explicitFileType = wrapper.cfbundle; includeInIndex = 0; path = MusicVideoTests.xctest; sourceTree = BUILT_PRODUCTS_DIR; };
		A16FF59D1C91C67900F8A5A7 /* MusicVideoTests.swift */ = {isa = PBXFileReference; lastKnownFileType = sourcecode.swift; path = MusicVideoTests.swift; sourceTree = "<group>"; };
		A16FF59F1C91C67900F8A5A7 /* Info.plist */ = {isa = PBXFileReference; lastKnownFileType = text.plist.xml; path = Info.plist; sourceTree = "<group>"; };
		A16FF5A41C91C67900F8A5A7 /* MusicVideoUITests.xctest */ = {isa = PBXFileReference; explicitFileType = wrapper.cfbundle; includeInIndex = 0; path = MusicVideoUITests.xctest; sourceTree = BUILT_PRODUCTS_DIR; };
		A16FF5A81C91C67900F8A5A7 /* MusicVideoUITests.swift */ = {isa = PBXFileReference; lastKnownFileType = sourcecode.swift; path = MusicVideoUITests.swift; sourceTree = "<group>"; };
		A16FF5AA1C91C67900F8A5A7 /* Info.plist */ = {isa = PBXFileReference; lastKnownFileType = text.plist.xml; path = Info.plist; sourceTree = "<group>"; };
		A16FF5BA1C91CE5500F8A5A7 /* APIManager.swift */ = {isa = PBXFileReference; fileEncoding = 4; lastKnownFileType = sourcecode.swift; path = APIManager.swift; sourceTree = "<group>"; };
		A18A8B7A1C93338E00FEBBDF /* Constants.swift */ = {isa = PBXFileReference; fileEncoding = 4; lastKnownFileType = sourcecode.swift; path = Constants.swift; sourceTree = "<group>"; };
		A18A8B7C1C9334CF00FEBBDF /* MusicVideo.swift */ = {isa = PBXFileReference; fileEncoding = 4; lastKnownFileType = sourcecode.swift; path = MusicVideo.swift; sourceTree = "<group>"; };
		A18C0AE81CAC18BD00799AB4 /* MusicVideoTableViewCell.swift */ = {isa = PBXFileReference; fileEncoding = 4; lastKnownFileType = sourcecode.swift; path = MusicVideoTableViewCell.swift; sourceTree = "<group>"; };
		A198C11A1CB18C8500F45803 /* SettingsTVC.swift */ = {isa = PBXFileReference; fileEncoding = 4; lastKnownFileType = sourcecode.swift; path = SettingsTVC.swift; sourceTree = "<group>"; };
		A1DD9CA01CCAC62A0041EB97 /* LocalAuthentication.framework */ = {isa = PBXFileReference; lastKnownFileType = wrapper.framework; name = LocalAuthentication.framework; path = System/Library/Frameworks/LocalAuthentication.framework; sourceTree = SDKROOT; };
		A1E496831CC40F9000C85C9B /* MusicVideoDefaults.swift */ = {isa = PBXFileReference; fileEncoding = 4; lastKnownFileType = sourcecode.swift; path = MusicVideoDefaults.swift; sourceTree = "<group>"; };
/* End PBXFileReference section */

/* Begin PBXFrameworksBuildPhase section */
		A16FF5821C91C67800F8A5A7 /* Frameworks */ = {
			isa = PBXFrameworksBuildPhase;
			buildActionMask = 2147483647;
			files = (
				A1DD9CA11CCAC62A0041EB97 /* LocalAuthentication.framework in Frameworks */,
			);
			runOnlyForDeploymentPostprocessing = 0;
		};
		A16FF5961C91C67900F8A5A7 /* Frameworks */ = {
			isa = PBXFrameworksBuildPhase;
			buildActionMask = 2147483647;
			files = (
			);
			runOnlyForDeploymentPostprocessing = 0;
		};
		A16FF5A11C91C67900F8A5A7 /* Frameworks */ = {
			isa = PBXFrameworksBuildPhase;
			buildActionMask = 2147483647;
			files = (
			);
			runOnlyForDeploymentPostprocessing = 0;
		};
/* End PBXFrameworksBuildPhase section */

/* Begin PBXGroup section */
		A1246ECF1C95F887005811B6 /* Obj-c */ = {
			isa = PBXGroup;
			children = (
				A1246ED11C95F8A0005811B6 /* Reachability.h */,
				A1246ED21C95F8A0005811B6 /* Reachability.m */,
				A1246ED01C95F89F005811B6 /* MusicVideo-Bridging-Header.h */,
			);
			name = "Obj-c";
			sourceTree = "<group>";
		};
		A16FF57C1C91C67800F8A5A7 = {
			isa = PBXGroup;
			children = (
				A16FF5871C91C67900F8A5A7 /* MusicVideo */,
				A16FF59C1C91C67900F8A5A7 /* MusicVideoTests */,
				A16FF5A71C91C67900F8A5A7 /* MusicVideoUITests */,
				A16FF5861C91C67800F8A5A7 /* Products */,
			);
			sourceTree = "<group>";
		};
		A16FF5861C91C67800F8A5A7 /* Products */ = {
			isa = PBXGroup;
			children = (
				A16FF5851C91C67800F8A5A7 /* MusicVideo.app */,
				A16FF5991C91C67900F8A5A7 /* MusicVideoTests.xctest */,
				A16FF5A41C91C67900F8A5A7 /* MusicVideoUITests.xctest */,
			);
			name = Products;
			sourceTree = "<group>";
		};
		A16FF5871C91C67900F8A5A7 /* MusicVideo */ = {
			isa = PBXGroup;
			children = (
				A1246ECF1C95F887005811B6 /* Obj-c */,
				A18A8B791C93336E00FEBBDF /* Utils */,
				A16FF5B91C91CBF700F8A5A7 /* Supporting files */,
				A16FF5B61C91CBCF00F8A5A7 /* Model */,
				A16FF5B71C91CBD500F8A5A7 /* Controller */,
				A16FF5B81C91CBDB00F8A5A7 /* View */,
			);
			path = MusicVideo;
			sourceTree = "<group>";
		};
		A16FF59C1C91C67900F8A5A7 /* MusicVideoTests */ = {
			isa = PBXGroup;
			children = (
				A16FF59D1C91C67900F8A5A7 /* MusicVideoTests.swift */,
				A16FF59F1C91C67900F8A5A7 /* Info.plist */,
			);
			path = MusicVideoTests;
			sourceTree = "<group>";
		};
		A16FF5A71C91C67900F8A5A7 /* MusicVideoUITests */ = {
			isa = PBXGroup;
			children = (
				A16FF5A81C91C67900F8A5A7 /* MusicVideoUITests.swift */,
				A16FF5AA1C91C67900F8A5A7 /* Info.plist */,
			);
			path = MusicVideoUITests;
			sourceTree = "<group>";
		};
		A16FF5B61C91CBCF00F8A5A7 /* Model */ = {
			isa = PBXGroup;
			children = (
				A16FF5BA1C91CE5500F8A5A7 /* APIManager.swift */,
				A18A8B7C1C9334CF00FEBBDF /* MusicVideo.swift */,
				A1E496831CC40F9000C85C9B /* MusicVideoDefaults.swift */,
			);
			name = Model;
			sourceTree = "<group>";
		};
		A16FF5B71C91CBD500F8A5A7 /* Controller */ = {
			isa = PBXGroup;
			children = (
				A198C11A1CB18C8500F45803 /* SettingsTVC.swift */,
				A11A47C61CAFD57F00FCE961 /* MusicVideoDetailVC.swift */,
				A18C0AE81CAC18BD00799AB4 /* MusicVideoTableViewCell.swift */,
				A16FF58A1C91C67900F8A5A7 /* ViewController.swift */,
			);
			name = Controller;
			sourceTree = "<group>";
		};
		A16FF5B81C91CBDB00F8A5A7 /* View */ = {
			isa = PBXGroup;
			children = (
				A16FF5911C91C67900F8A5A7 /* LaunchScreen.storyboard */,
				A16FF58C1C91C67900F8A5A7 /* Main.storyboard */,
			);
			name = View;
			sourceTree = "<group>";
		};
		A16FF5B91C91CBF700F8A5A7 /* Supporting files */ = {
			isa = PBXGroup;
			children = (
				A16FF5881C91C67900F8A5A7 /* AppDelegate.swift */,
				A16FF58F1C91C67900F8A5A7 /* Assets.xcassets */,
				A16FF5941C91C67900F8A5A7 /* Info.plist */,
			);
			name = "Supporting files";
			sourceTree = "<group>";
		};
		A18A8B791C93336E00FEBBDF /* Utils */ = {
			isa = PBXGroup;
			children = (
				A1DD9CA01CCAC62A0041EB97 /* LocalAuthentication.framework */,
				A18A8B7A1C93338E00FEBBDF /* Constants.swift */,
			);
			name = Utils;
			sourceTree = "<group>";
		};
/* End PBXGroup section */

/* Begin PBXNativeTarget section */
		A16FF5841C91C67800F8A5A7 /* MusicVideo */ = {
			isa = PBXNativeTarget;
			buildConfigurationList = A16FF5AD1C91C67900F8A5A7 /* Build configuration list for PBXNativeTarget "MusicVideo" */;
			buildPhases = (
				A16FF5811C91C67800F8A5A7 /* Sources */,
				A16FF5821C91C67800F8A5A7 /* Frameworks */,
				A16FF5831C91C67800F8A5A7 /* Resources */,
			);
			buildRules = (
			);
			dependencies = (
			);
			name = MusicVideo;
			productName = MusicVideo;
			productReference = A16FF5851C91C67800F8A5A7 /* MusicVideo.app */;
			productType = "com.apple.product-type.application";
		};
		A16FF5981C91C67900F8A5A7 /* MusicVideoTests */ = {
			isa = PBXNativeTarget;
			buildConfigurationList = A16FF5B01C91C67900F8A5A7 /* Build configuration list for PBXNativeTarget "MusicVideoTests" */;
			buildPhases = (
				A16FF5951C91C67900F8A5A7 /* Sources */,
				A16FF5961C91C67900F8A5A7 /* Frameworks */,
				A16FF5971C91C67900F8A5A7 /* Resources */,
			);
			buildRules = (
			);
			dependencies = (
				A16FF59B1C91C67900F8A5A7 /* PBXTargetDependency */,
			);
			name = MusicVideoTests;
			productName = MusicVideoTests;
			productReference = A16FF5991C91C67900F8A5A7 /* MusicVideoTests.xctest */;
			productType = "com.apple.product-type.bundle.unit-test";
		};
		A16FF5A31C91C67900F8A5A7 /* MusicVideoUITests */ = {
			isa = PBXNativeTarget;
			buildConfigurationList = A16FF5B31C91C67900F8A5A7 /* Build configuration list for PBXNativeTarget "MusicVideoUITests" */;
			buildPhases = (
				A16FF5A01C91C67900F8A5A7 /* Sources */,
				A16FF5A11C91C67900F8A5A7 /* Frameworks */,
				A16FF5A21C91C67900F8A5A7 /* Resources */,
			);
			buildRules = (
			);
			dependencies = (
				A16FF5A61C91C67900F8A5A7 /* PBXTargetDependency */,
			);
			name = MusicVideoUITests;
			productName = MusicVideoUITests;
			productReference = A16FF5A41C91C67900F8A5A7 /* MusicVideoUITests.xctest */;
			productType = "com.apple.product-type.bundle.ui-testing";
		};
/* End PBXNativeTarget section */

/* Begin PBXProject section */
		A16FF57D1C91C67800F8A5A7 /* Project object */ = {
			isa = PBXProject;
			attributes = {
				LastSwiftUpdateCheck = 0720;
				LastUpgradeCheck = 0720;
				ORGANIZATIONNAME = "Francisco Navarro Madueño";
				TargetAttributes = {
					A16FF5841C91C67800F8A5A7 = {
						CreatedOnToolsVersion = 7.2.1;
						DevelopmentTeam = W9TRVQV6GN;
					};
					A16FF5981C91C67900F8A5A7 = {
						CreatedOnToolsVersion = 7.2.1;
						TestTargetID = A16FF5841C91C67800F8A5A7;
					};
					A16FF5A31C91C67900F8A5A7 = {
						CreatedOnToolsVersion = 7.2.1;
						TestTargetID = A16FF5841C91C67800F8A5A7;
					};
				};
			};
			buildConfigurationList = A16FF5801C91C67800F8A5A7 /* Build configuration list for PBXProject "MusicVideo" */;
			compatibilityVersion = "Xcode 3.2";
			developmentRegion = English;
			hasScannedForEncodings = 0;
			knownRegions = (
				en,
				Base,
			);
			mainGroup = A16FF57C1C91C67800F8A5A7;
			productRefGroup = A16FF5861C91C67800F8A5A7 /* Products */;
			projectDirPath = "";
			projectRoot = "";
			targets = (
				A16FF5841C91C67800F8A5A7 /* MusicVideo */,
				A16FF5981C91C67900F8A5A7 /* MusicVideoTests */,
				A16FF5A31C91C67900F8A5A7 /* MusicVideoUITests */,
			);
		};
/* End PBXProject section */

/* Begin PBXResourcesBuildPhase section */
		A16FF5831C91C67800F8A5A7 /* Resources */ = {
			isa = PBXResourcesBuildPhase;
			buildActionMask = 2147483647;
			files = (
				A16FF5931C91C67900F8A5A7 /* LaunchScreen.storyboard in Resources */,
				A16FF5901C91C67900F8A5A7 /* Assets.xcassets in Resources */,
				A16FF58E1C91C67900F8A5A7 /* Main.storyboard in Resources */,
			);
			runOnlyForDeploymentPostprocessing = 0;
		};
		A16FF5971C91C67900F8A5A7 /* Resources */ = {
			isa = PBXResourcesBuildPhase;
			buildActionMask = 2147483647;
			files = (
			);
			runOnlyForDeploymentPostprocessing = 0;
		};
		A16FF5A21C91C67900F8A5A7 /* Resources */ = {
			isa = PBXResourcesBuildPhase;
			buildActionMask = 2147483647;
			files = (
			);
			runOnlyForDeploymentPostprocessing = 0;
		};
/* End PBXResourcesBuildPhase section */

/* Begin PBXSourcesBuildPhase section */
		A16FF5811C91C67800F8A5A7 /* Sources */ = {
			isa = PBXSourcesBuildPhase;
			buildActionMask = 2147483647;
			files = (
				A16FF5BB1C91CE5500F8A5A7 /* APIManager.swift in Sources */,
				A198C11B1CB18C8500F45803 /* SettingsTVC.swift in Sources */,
				A16FF58B1C91C67900F8A5A7 /* ViewController.swift in Sources */,
				A18A8B7D1C9334CF00FEBBDF /* MusicVideo.swift in Sources */,
				A16FF5891C91C67900F8A5A7 /* AppDelegate.swift in Sources */,
				A1246ED31C95F8A0005811B6 /* Reachability.m in Sources */,
				A18C0AE91CAC18BD00799AB4 /* MusicVideoTableViewCell.swift in Sources */,
				A18A8B7B1C93338E00FEBBDF /* Constants.swift in Sources */,
				A1E496841CC40F9000C85C9B /* MusicVideoDefaults.swift in Sources */,
				A11A47C71CAFD57F00FCE961 /* MusicVideoDetailVC.swift in Sources */,
			);
			runOnlyForDeploymentPostprocessing = 0;
		};
		A16FF5951C91C67900F8A5A7 /* Sources */ = {
			isa = PBXSourcesBuildPhase;
			buildActionMask = 2147483647;
			files = (
				A16FF59E1C91C67900F8A5A7 /* MusicVideoTests.swift in Sources */,
			);
			runOnlyForDeploymentPostprocessing = 0;
		};
		A16FF5A01C91C67900F8A5A7 /* Sources */ = {
			isa = PBXSourcesBuildPhase;
			buildActionMask = 2147483647;
			files = (
				A16FF5A91C91C67900F8A5A7 /* MusicVideoUITests.swift in Sources */,
			);
			runOnlyForDeploymentPostprocessing = 0;
		};
/* End PBXSourcesBuildPhase section */

/* Begin PBXTargetDependency section */
		A16FF59B1C91C67900F8A5A7 /* PBXTargetDependency */ = {
			isa = PBXTargetDependency;
			target = A16FF5841C91C67800F8A5A7 /* MusicVideo */;
			targetProxy = A16FF59A1C91C67900F8A5A7 /* PBXContainerItemProxy */;
		};
		A16FF5A61C91C67900F8A5A7 /* PBXTargetDependency */ = {
			isa = PBXTargetDependency;
			target = A16FF5841C91C67800F8A5A7 /* MusicVideo */;
			targetProxy = A16FF5A51C91C67900F8A5A7 /* PBXContainerItemProxy */;
		};
/* End PBXTargetDependency section */

/* Begin PBXVariantGroup section */
		A16FF58C1C91C67900F8A5A7 /* Main.storyboard */ = {
			isa = PBXVariantGroup;
			children = (
				A16FF58D1C91C67900F8A5A7 /* Base */,
			);
			name = Main.storyboard;
			sourceTree = "<group>";
		};
		A16FF5911C91C67900F8A5A7 /* LaunchScreen.storyboard */ = {
			isa = PBXVariantGroup;
			children = (
				A16FF5921C91C67900F8A5A7 /* Base */,
			);
			name = LaunchScreen.storyboard;
			sourceTree = "<group>";
		};
/* End PBXVariantGroup section */

/* Begin XCBuildConfiguration section */
		A16FF5AB1C91C67900F8A5A7 /* Debug */ = {
			isa = XCBuildConfiguration;
			buildSettings = {
				ALWAYS_SEARCH_USER_PATHS = NO;
				CLANG_CXX_LANGUAGE_STANDARD = "gnu++0x";
				CLANG_CXX_LIBRARY = "libc++";
				CLANG_ENABLE_MODULES = YES;
				CLANG_ENABLE_OBJC_ARC = YES;
				CLANG_WARN_BOOL_CONVERSION = YES;
				CLANG_WARN_CONSTANT_CONVERSION = YES;
				CLANG_WARN_DIRECT_OBJC_ISA_USAGE = YES_ERROR;
				CLANG_WARN_EMPTY_BODY = YES;
				CLANG_WARN_ENUM_CONVERSION = YES;
				CLANG_WARN_INT_CONVERSION = YES;
				CLANG_WARN_OBJC_ROOT_CLASS = YES_ERROR;
				CLANG_WARN_UNREACHABLE_CODE = YES;
				CLANG_WARN__DUPLICATE_METHOD_MATCH = YES;
				"CODE_SIGN_IDENTITY[sdk=iphoneos*]" = "iPhone Developer";
				COPY_PHASE_STRIP = NO;
				DEBUG_INFORMATION_FORMAT = dwarf;
				ENABLE_STRICT_OBJC_MSGSEND = YES;
				ENABLE_TESTABILITY = YES;
				GCC_C_LANGUAGE_STANDARD = gnu99;
				GCC_DYNAMIC_NO_PIC = NO;
				GCC_NO_COMMON_BLOCKS = YES;
				GCC_OPTIMIZATION_LEVEL = 0;
				GCC_PREPROCESSOR_DEFINITIONS = (
					"DEBUG=1",
					"$(inherited)",
				);
				GCC_WARN_64_TO_32_BIT_CONVERSION = YES;
				GCC_WARN_ABOUT_RETURN_TYPE = YES_ERROR;
				GCC_WARN_UNDECLARED_SELECTOR = YES;
				GCC_WARN_UNINITIALIZED_AUTOS = YES_AGGRESSIVE;
				GCC_WARN_UNUSED_FUNCTION = YES;
				GCC_WARN_UNUSED_VARIABLE = YES;
				IPHONEOS_DEPLOYMENT_TARGET = 9.2;
				MTL_ENABLE_DEBUG_INFO = YES;
				ONLY_ACTIVE_ARCH = YES;
				SDKROOT = iphoneos;
				SWIFT_OPTIMIZATION_LEVEL = "-Onone";
				TARGETED_DEVICE_FAMILY = "1,2";
			};
			name = Debug;
		};
		A16FF5AC1C91C67900F8A5A7 /* Release */ = {
			isa = XCBuildConfiguration;
			buildSettings = {
				ALWAYS_SEARCH_USER_PATHS = NO;
				CLANG_CXX_LANGUAGE_STANDARD = "gnu++0x";
				CLANG_CXX_LIBRARY = "libc++";
				CLANG_ENABLE_MODULES = YES;
				CLANG_ENABLE_OBJC_ARC = YES;
				CLANG_WARN_BOOL_CONVERSION = YES;
				CLANG_WARN_CONSTANT_CONVERSION = YES;
				CLANG_WARN_DIRECT_OBJC_ISA_USAGE = YES_ERROR;
				CLANG_WARN_EMPTY_BODY = YES;
				CLANG_WARN_ENUM_CONVERSION = YES;
				CLANG_WARN_INT_CONVERSION = YES;
				CLANG_WARN_OBJC_ROOT_CLASS = YES_ERROR;
				CLANG_WARN_UNREACHABLE_CODE = YES;
				CLANG_WARN__DUPLICATE_METHOD_MATCH = YES;
				"CODE_SIGN_IDENTITY[sdk=iphoneos*]" = "iPhone Developer";
				COPY_PHASE_STRIP = NO;
				DEBUG_INFORMATION_FORMAT = "dwarf-with-dsym";
				ENABLE_NS_ASSERTIONS = NO;
				ENABLE_STRICT_OBJC_MSGSEND = YES;
				GCC_C_LANGUAGE_STANDARD = gnu99;
				GCC_NO_COMMON_BLOCKS = YES;
				GCC_WARN_64_TO_32_BIT_CONVERSION = YES;
				GCC_WARN_ABOUT_RETURN_TYPE = YES_ERROR;
				GCC_WARN_UNDECLARED_SELECTOR = YES;
				GCC_WARN_UNINITIALIZED_AUTOS = YES_AGGRESSIVE;
				GCC_WARN_UNUSED_FUNCTION = YES;
				GCC_WARN_UNUSED_VARIABLE = YES;
				IPHONEOS_DEPLOYMENT_TARGET = 9.2;
				MTL_ENABLE_DEBUG_INFO = NO;
				SDKROOT = iphoneos;
				TARGETED_DEVICE_FAMILY = "1,2";
				VALIDATE_PRODUCT = YES;
			};
			name = Release;
		};
		A16FF5AE1C91C67900F8A5A7 /* Debug */ = {
			isa = XCBuildConfiguration;
			buildSettings = {
				ASSETCATALOG_COMPILER_APPICON_NAME = AppIcon;
				CLANG_ENABLE_MODULES = YES;
				CODE_SIGN_IDENTITY = "iPhone Developer";
				"CODE_SIGN_IDENTITY[sdk=iphoneos*]" = "iPhone Developer";
				INFOPLIST_FILE = MusicVideo/Info.plist;
				LD_RUNPATH_SEARCH_PATHS = "$(inherited) @executable_path/Frameworks";
				PRODUCT_BUNDLE_IDENTIFIER = com.fnavarro.MusicVideo;
				PRODUCT_NAME = "$(TARGET_NAME)";
				PROVISIONING_PROFILE = "";
				SWIFT_OBJC_BRIDGING_HEADER = "MusicVideo/MusicVideo-Bridging-Header.h";
				SWIFT_OPTIMIZATION_LEVEL = "-Onone";
			};
			name = Debug;
		};
		A16FF5AF1C91C67900F8A5A7 /* Release */ = {
			isa = XCBuildConfiguration;
			buildSettings = {
				ASSETCATALOG_COMPILER_APPICON_NAME = AppIcon;
				CLANG_ENABLE_MODULES = YES;
				CODE_SIGN_IDENTITY = "iPhone Developer";
				"CODE_SIGN_IDENTITY[sdk=iphoneos*]" = "iPhone Developer";
				INFOPLIST_FILE = MusicVideo/Info.plist;
				LD_RUNPATH_SEARCH_PATHS = "$(inherited) @executable_path/Frameworks";
				PRODUCT_BUNDLE_IDENTIFIER = com.fnavarro.MusicVideo;
				PRODUCT_NAME = "$(TARGET_NAME)";
				PROVISIONING_PROFILE = "";
				SWIFT_OBJC_BRIDGING_HEADER = "MusicVideo/MusicVideo-Bridging-Header.h";
			};
			name = Release;
		};
		A16FF5B11C91C67900F8A5A7 /* Debug */ = {
			isa = XCBuildConfiguration;
			buildSettings = {
				BUNDLE_LOADER = "$(TEST_HOST)";
				INFOPLIST_FILE = MusicVideoTests/Info.plist;
				LD_RUNPATH_SEARCH_PATHS = "$(inherited) @executable_path/Frameworks @loader_path/Frameworks";
				PRODUCT_BUNDLE_IDENTIFIER = com.fnavarro.MusicVideoTests;
				PRODUCT_NAME = "$(TARGET_NAME)";
				TEST_HOST = "$(BUILT_PRODUCTS_DIR)/MusicVideo.app/MusicVideo";
			};
			name = Debug;
		};
		A16FF5B21C91C67900F8A5A7 /* Release */ = {
			isa = XCBuildConfiguration;
			buildSettings = {
				BUNDLE_LOADER = "$(TEST_HOST)";
				INFOPLIST_FILE = MusicVideoTests/Info.plist;
				LD_RUNPATH_SEARCH_PATHS = "$(inherited) @executable_path/Frameworks @loader_path/Frameworks";
				PRODUCT_BUNDLE_IDENTIFIER = com.fnavarro.MusicVideoTests;
				PRODUCT_NAME = "$(TARGET_NAME)";
				TEST_HOST = "$(BUILT_PRODUCTS_DIR)/MusicVideo.app/MusicVideo";
			};
			name = Release;
		};
		A16FF5B41C91C67900F8A5A7 /* Debug */ = {
			isa = XCBuildConfiguration;
			buildSettings = {
				INFOPLIST_FILE = MusicVideoUITests/Info.plist;
				LD_RUNPATH_SEARCH_PATHS = "$(inherited) @executable_path/Frameworks @loader_path/Frameworks";
				PRODUCT_BUNDLE_IDENTIFIER = com.fnavarro.MusicVideoUITests;
				PRODUCT_NAME = "$(TARGET_NAME)";
				TEST_TARGET_NAME = MusicVideo;
				USES_XCTRUNNER = YES;
			};
			name = Debug;
		};
		A16FF5B51C91C67900F8A5A7 /* Release */ = {
			isa = XCBuildConfiguration;
			buildSettings = {
				INFOPLIST_FILE = MusicVideoUITests/Info.plist;
				LD_RUNPATH_SEARCH_PATHS = "$(inherited) @executable_path/Frameworks @loader_path/Frameworks";
				PRODUCT_BUNDLE_IDENTIFIER = com.fnavarro.MusicVideoUITests;
				PRODUCT_NAME = "$(TARGET_NAME)";
				TEST_TARGET_NAME = MusicVideo;
				USES_XCTRUNNER = YES;
			};
			name = Release;
		};
/* End XCBuildConfiguration section */

/* Begin XCConfigurationList section */
		A16FF5801C91C67800F8A5A7 /* Build configuration list for PBXProject "MusicVideo" */ = {
			isa = XCConfigurationList;
			buildConfigurations = (
				A16FF5AB1C91C67900F8A5A7 /* Debug */,
				A16FF5AC1C91C67900F8A5A7 /* Release */,
			);
			defaultConfigurationIsVisible = 0;
			defaultConfigurationName = Release;
		};
		A16FF5AD1C91C67900F8A5A7 /* Build configuration list for PBXNativeTarget "MusicVideo" */ = {
			isa = XCConfigurationList;
			buildConfigurations = (
				A16FF5AE1C91C67900F8A5A7 /* Debug */,
				A16FF5AF1C91C67900F8A5A7 /* Release */,
			);
			defaultConfigurationIsVisible = 0;
			defaultConfigurationName = Release;
		};
		A16FF5B01C91C67900F8A5A7 /* Build configuration list for PBXNativeTarget "MusicVideoTests" */ = {
			isa = XCConfigurationList;
			buildConfigurations = (
				A16FF5B11C91C67900F8A5A7 /* Debug */,
				A16FF5B21C91C67900F8A5A7 /* Release */,
			);
			defaultConfigurationIsVisible = 0;
			defaultConfigurationName = Release;
		};
		A16FF5B31C91C67900F8A5A7 /* Build configuration list for PBXNativeTarget "MusicVideoUITests" */ = {
			isa = XCConfigurationList;
			buildConfigurations = (
				A16FF5B41C91C67900F8A5A7 /* Debug */,
				A16FF5B51C91C67900F8A5A7 /* Release */,
			);
			defaultConfigurationIsVisible = 0;
			defaultConfigurationName = Release;
		};
/* End XCConfigurationList section */
	};
	rootObject = A16FF57D1C91C67800F8A5A7 /* Project object */;
}
